
Microsoft Visual Studio Solution File, Format Version 12.00
# Visual Studio Version 17
VisualStudioVersion = 17.11.35219.272
MinimumVisualStudioVersion = 10.0.40219.1
Project("{9A19103F-16F7-4668-BE54-9A1E7A4F7556}") = "Event-Management-Web-App", "Event-Management-Web-App.csproj", "{F85486F6-9B92-44D1-BAC9-B67AF04A4A02}"
EndProject
Global
	GlobalSection(SolutionConfigurationPlatforms) = preSolution
		Debug|Any CPU = Debug|Any CPU
		Release|Any CPU = Release|Any CPU
	EndGlobalSection
	GlobalSection(ProjectConfigurationPlatforms) = postSolution
		{F85486F6-9B92-44D1-BAC9-B67AF04A4A02}.Debug|Any CPU.ActiveCfg = Debug|Any CPU
		{F85486F6-9B92-44D1-BAC9-B67AF04A4A02}.Debug|Any CPU.Build.0 = Debug|Any CPU
		{F85486F6-9B92-44D1-BAC9-B67AF04A4A02}.Release|Any CPU.ActiveCfg = Release|Any CPU
		{F85486F6-9B92-44D1-BAC9-B67AF04A4A02}.Release|Any CPU.Build.0 = Release|Any CPU
	EndGlobalSection
	GlobalSection(SolutionProperties) = preSolution
		HideSolutionNode = FALSE
	EndGlobalSection
	GlobalSection(ExtensibilityGlobals) = postSolution
		SolutionGuid = {8361B3CE-CF2E-42AC-96B6-5C6E2C040D3A}
	EndGlobalSection
EndGlobal
